
Microsoft Visual Studio Solution File, Format Version 12.00
# Visual Studio Version 17
VisualStudioVersion = 17.14.36518.9 d17.14
MinimumVisualStudioVersion = 10.0.40219.1
Project("{54A90642-561A-4BB1-A94E-469ADEE60C69}") = "utility-belt", "utility-belt.esproj", "{E4DAE857-4041-C9E1-7731-2C9B971EC9D6}"
EndProject
Global
	GlobalSection(SolutionConfigurationPlatforms) = preSolution
		Debug|Any CPU = Debug|Any CPU
		Release|Any CPU = Release|Any CPU
	EndGlobalSection
	GlobalSection(ProjectConfigurationPlatforms) = postSolution
		{E4DAE857-4041-C9E1-7731-2C9B971EC9D6}.Debug|Any CPU.ActiveCfg = Debug|Any CPU
		{E4DAE857-4041-C9E1-7731-2C9B971EC9D6}.Debug|Any CPU.Build.0 = Debug|Any CPU
		{E4DAE857-4041-C9E1-7731-2C9B971EC9D6}.Debug|Any CPU.Deploy.0 = Debug|Any CPU
		{E4DAE857-4041-C9E1-7731-2C9B971EC9D6}.Release|Any CPU.ActiveCfg = Release|Any CPU
		{E4DAE857-4041-C9E1-7731-2C9B971EC9D6}.Release|Any CPU.Build.0 = Release|Any CPU
		{E4DAE857-4041-C9E1-7731-2C9B971EC9D6}.Release|Any CPU.Deploy.0 = Release|Any CPU
	EndGlobalSection
	GlobalSection(SolutionProperties) = preSolution
		HideSolutionNode = FALSE
	EndGlobalSection
	GlobalSection(ExtensibilityGlobals) = postSolution
		SolutionGuid = {228F1C24-1D79-4C6C-B30D-E72C90B088BF}
	EndGlobalSection
EndGlobal
